
Microsoft Visual Studio Solution File, Format Version 12.00
# Visual Studio Version 16
VisualStudioVersion = 16.0.29709.97
MinimumVisualStudioVersion = 10.0.40219.1
Project("{FAE04EC0-301F-11D3-BF4B-00C04F79EFBC}") = "FileUploadProgressBar", "FileUploadProgressBar.csproj", "{FC962294-C593-47E0-B5C0-0C001DE6926E}"
EndProject
Global
	GlobalSection(SolutionConfigurationPlatforms) = preSolution
		Debug|Any CPU = Debug|Any CPU
		Release|Any CPU = Release|Any CPU
	EndGlobalSection
	GlobalSection(ProjectConfigurationPlatforms) = postSolution
		{FC962294-C593-47E0-B5C0-0C001DE6926E}.Debug|Any CPU.ActiveCfg = Debug|Any CPU
		{FC962294-C593-47E0-B5C0-0C001DE6926E}.Debug|Any CPU.Build.0 = Debug|Any CPU
		{FC962294-C593-47E0-B5C0-0C001DE6926E}.Release|Any CPU.ActiveCfg = Release|Any CPU
		{FC962294-C593-47E0-B5C0-0C001DE6926E}.Release|Any CPU.Build.0 = Release|Any CPU
	EndGlobalSection
	GlobalSection(SolutionProperties) = preSolution
		HideSolutionNode = FALSE
	EndGlobalSection
	GlobalSection(ExtensibilityGlobals) = postSolution
		SolutionGuid = {DBFC864B-81DC-40A6-8552-C7C324A11BA6}
	EndGlobalSection
EndGlobal
